
Microsoft Visual Studio Solution File, Format Version 12.00
# Visual Studio Version 16
VisualStudioVersion = 16.0.29509.3
MinimumVisualStudioVersion = 10.0.40219.1
Project("{FAE04EC0-301F-11D3-BF4B-00C04F79EFBC}") = "Snake", "Snake\Snake.csproj", "{1CF953C9-07B4-4513-A86F-AFB642EE1FE2}"
EndProject
Global
	GlobalSection(SolutionConfigurationPlatforms) = preSolution
		Debug|Any CPU = Debug|Any CPU
		Release|Any CPU = Release|Any CPU
	EndGlobalSection
	GlobalSection(ProjectConfigurationPlatforms) = postSolution
		{1CF953C9-07B4-4513-A86F-AFB642EE1FE2}.Debug|Any CPU.ActiveCfg = Debug|Any CPU
		{1CF953C9-07B4-4513-A86F-AFB642EE1FE2}.Debug|Any CPU.Build.0 = Debug|Any CPU
		{1CF953C9-07B4-4513-A86F-AFB642EE1FE2}.Release|Any CPU.ActiveCfg = Release|Any CPU
		{1CF953C9-07B4-4513-A86F-AFB642EE1FE2}.Release|Any CPU.Build.0 = Release|Any CPU
	EndGlobalSection
	GlobalSection(SolutionProperties) = preSolution
		HideSolutionNode = FALSE
	EndGlobalSection
	GlobalSection(ExtensibilityGlobals) = postSolution
		SolutionGuid = {AEF70060-D919-4ED7-86AE-4B26D36694AC}
	EndGlobalSection
EndGlobal
